{
  "name": "hevy_ts",
  "lockfileVersion": 3,
  "requires": true,
  "packages": {
    "": {
      "name": "hevy_ts",
      "dependencies": {
        "typescript-language-server": "^4.3.4"
      },
      "devDependencies": {
        "@types/bun": "latest"
      },
      "peerDependencies": {
        "typescript": "^5"
      }
    },
    "node_modules/@types/bun": {
      "version": "1.2.9",
      "resolved": "https://registry.npmjs.org/@types/bun/-/bun-1.2.9.tgz",
      "integrity": "sha512-epShhLGQYc4Bv/aceHbmBhOz1XgUnuTZgcxjxk+WXwNyDXavv5QHD1QEFV0FwbTSQtNq6g4ZcV6y0vZakTjswg==",
      "dev": true,
      "license": "MIT",
      "dependencies": {
        "bun-types": "1.2.9"
      }
    },
    "node_modules/@types/node": {
      "version": "22.14.1",
      "dev": true,
      "license": "MIT",
      "dependencies": {
        "undici-types": "~6.21.0"
      }
    },
    "node_modules/@types/ws": {
      "version": "8.18.1",
      "dev": true,
      "license": "MIT",
      "dependencies": {
        "@types/node": "*"
      }
    },
    "node_modules/bun-types": {
      "version": "1.2.9",
      "dev": true,
      "license": "MIT",
      "dependencies": {
        "@types/node": "*",
        "@types/ws": "*"
      }
    },
    "node_modules/typescript": {
      "version": "5.8.3",
      "license": "Apache-2.0",
      "peer": true,
      "bin": {
        "tsc": "bin/tsc",
        "tsserver": "bin/tsserver"
      },
      "engines": {
        "node": ">=14.17"
      }
    },
    "node_modules/typescript-language-server": {
      "version": "4.3.4",
      "resolved": "https://registry.npmjs.org/typescript-language-server/-/typescript-language-server-4.3.4.tgz",
      "integrity": "sha512-0pQ4ffAarsf10VwFhyyyqNJhuDd4r6f4dSsQN38WdbQ3WVxqi08p/bI//v1VnOV5CSVd4AeOUY/jfJYheHTQPQ==",
      "license": "Apache-2.0",
      "bin": {
        "typescript-language-server": "lib/cli.mjs"
      },
      "engines": {
        "node": ">=18"
      }
    },
    "node_modules/undici-types": {
      "version": "6.21.0",
      "dev": true,
      "license": "MIT"
    }
  }
}
